// !$*UTF8*$!
{
	archiveVersion = 1;
	classes = {
	};
	objectVersion = 46;
	objects = {

/* Begin PBXBuildFile section */
		081504E608A44B18A62A9457 /* libPods.a in Frameworks */ = {isa = PBXBuildFile; fileRef = 0EE47E37DC5B44ADB29DDA4E /* libPods.a */; };
		F00FBFCB19B1CF8D0028F08A /* ViewController.m in Sources */ = {isa = PBXBuildFile; fileRef = F00FBFCA19B1CF8D0028F08A /* ViewController.m */; };
		F0B983F919B04FD400543E63 /* Foundation.framework in Frameworks */ = {isa = PBXBuildFile; fileRef = F0B983F819B04FD400543E63 /* Foundation.framework */; };
		F0B983FB19B04FD400543E63 /* CoreGraphics.framework in Frameworks */ = {isa = PBXBuildFile; fileRef = F0B983FA19B04FD400543E63 /* CoreGraphics.framework */; };
		F0B983FD19B04FD400543E63 /* UIKit.framework in Frameworks */ = {isa = PBXBuildFile; fileRef = F0B983FC19B04FD400543E63 /* UIKit.framework */; };
		F0B983FF19B04FD400543E63 /* CoreData.framework in Frameworks */ = {isa = PBXBuildFile; fileRef = F0B983FE19B04FD400543E63 /* CoreData.framework */; };
		F0B9840519B04FD400543E63 /* InfoPlist.strings in Resources */ = {isa = PBXBuildFile; fileRef = F0B9840319B04FD400543E63 /* InfoPlist.strings */; };
		F0B9840719B04FD400543E63 /* main.m in Sources */ = {isa = PBXBuildFile; fileRef = F0B9840619B04FD400543E63 /* main.m */; };
		F0B9840B19B04FD400543E63 /* AppDelegate.m in Sources */ = {isa = PBXBuildFile; fileRef = F0B9840A19B04FD400543E63 /* AppDelegate.m */; };
		F0B9840E19B04FD400543E63 /* Example.xcdatamodeld in Sources */ = {isa = PBXBuildFile; fileRef = F0B9840C19B04FD400543E63 /* Example.xcdatamodeld */; };
		F0B9841019B04FD400543E63 /* Images.xcassets in Resources */ = {isa = PBXBuildFile; fileRef = F0B9840F19B04FD400543E63 /* Images.xcassets */; };
		F0B9841719B04FD400543E63 /* XCTest.framework in Frameworks */ = {isa = PBXBuildFile; fileRef = F0B9841619B04FD400543E63 /* XCTest.framework */; };
		F0B9841819B04FD400543E63 /* Foundation.framework in Frameworks */ = {isa = PBXBuildFile; fileRef = F0B983F819B04FD400543E63 /* Foundation.framework */; };
		F0B9841919B04FD400543E63 /* UIKit.framework in Frameworks */ = {isa = PBXBuildFile; fileRef = F0B983FC19B04FD400543E63 /* UIKit.framework */; };
		F0B9841A19B04FD400543E63 /* CoreData.framework in Frameworks */ = {isa = PBXBuildFile; fileRef = F0B983FE19B04FD400543E63 /* CoreData.framework */; };
		F0B9842219B04FD400543E63 /* InfoPlist.strings in Resources */ = {isa = PBXBuildFile; fileRef = F0B9842019B04FD400543E63 /* InfoPlist.strings */; };
		F0B9842419B04FD400543E63 /* ExampleTests.m in Sources */ = {isa = PBXBuildFile; fileRef = F0B9842319B04FD400543E63 /* ExampleTests.m */; };
		F0BBBCF819B85A7D007C0CB4 /* SingleViewController.m in Sources */ = {isa = PBXBuildFile; fileRef = F0BBBCF719B85A7D007C0CB4 /* SingleViewController.m */; };
		F0BBBCFB19B85A87007C0CB4 /* MultipleViewController.m in Sources */ = {isa = PBXBuildFile; fileRef = F0BBBCFA19B85A87007C0CB4 /* MultipleViewController.m */; };
		F0BBBD0119B86431007C0CB4 /* MultipleSectionViewController.m in Sources */ = {isa = PBXBuildFile; fileRef = F0BBBD0019B86431007C0CB4 /* MultipleSectionViewController.m */; };
/* End PBXBuildFile section */

/* Begin PBXContainerItemProxy section */
		F0B9841B19B04FD400543E63 /* PBXContainerItemProxy */ = {
			isa = PBXContainerItemProxy;
			containerPortal = F0B983ED19B04FD400543E63 /* Project object */;
			proxyType = 1;
			remoteGlobalIDString = F0B983F419B04FD400543E63;
			remoteInfo = Example;
		};
/* End PBXContainerItemProxy section */

/* Begin PBXFileReference section */
		0EE47E37DC5B44ADB29DDA4E /* libPods.a */ = {isa = PBXFileReference; explicitFileType = archive.ar; includeInIndex = 0; path = libPods.a; sourceTree = BUILT_PRODUCTS_DIR; };
		3480825F871D4D2A8C673D69 /* Pods.xcconfig */ = {isa = PBXFileReference; includeInIndex = 1; lastKnownFileType = text.xcconfig; name = Pods.xcconfig; path = Pods/Pods.xcconfig; sourceTree = "<group>"; };
		F00FBFC919B1CF8D0028F08A /* ViewController.h */ = {isa = PBXFileReference; fileEncoding = 4; lastKnownFileType = sourcecode.c.h; path = ViewController.h; sourceTree = "<group>"; };
		F00FBFCA19B1CF8D0028F08A /* ViewController.m */ = {isa = PBXFileReference; fileEncoding = 4; lastKnownFileType = sourcecode.c.objc; path = ViewController.m; sourceTree = "<group>"; };
		F0B983F519B04FD400543E63 /* Example.app */ = {isa = PBXFileReference; explicitFileType = wrapper.application; includeInIndex = 0; path = Example.app; sourceTree = BUILT_PRODUCTS_DIR; };
		F0B983F819B04FD400543E63 /* Foundation.framework */ = {isa = PBXFileReference; lastKnownFileType = wrapper.framework; name = Foundation.framework; path = System/Library/Frameworks/Foundation.framework; sourceTree = SDKROOT; };
		F0B983FA19B04FD400543E63 /* CoreGraphics.framework */ = {isa = PBXFileReference; lastKnownFileType = wrapper.framework; name = CoreGraphics.framework; path = System/Library/Frameworks/CoreGraphics.framework; sourceTree = SDKROOT; };
		F0B983FC19B04FD400543E63 /* UIKit.framework */ = {isa = PBXFileReference; lastKnownFileType = wrapper.framework; name = UIKit.framework; path = System/Library/Frameworks/UIKit.framework; sourceTree = SDKROOT; };
		F0B983FE19B04FD400543E63 /* CoreData.framework */ = {isa = PBXFileReference; lastKnownFileType = wrapper.framework; name = CoreData.framework; path = System/Library/Frameworks/CoreData.framework; sourceTree = SDKROOT; };
		F0B9840219B04FD400543E63 /* Example-Info.plist */ = {isa = PBXFileReference; lastKnownFileType = text.plist.xml; path = "Example-Info.plist"; sourceTree = "<group>"; };
		F0B9840419B04FD400543E63 /* en */ = {isa = PBXFileReference; lastKnownFileType = text.plist.strings; name = en; path = en.lproj/InfoPlist.strings; sourceTree = "<group>"; };
		F0B9840619B04FD400543E63 /* main.m */ = {isa = PBXFileReference; lastKnownFileType = sourcecode.c.objc; path = main.m; sourceTree = "<group>"; };
		F0B9840819B04FD400543E63 /* Example-Prefix.pch */ = {isa = PBXFileReference; lastKnownFileType = sourcecode.c.h; path = "Example-Prefix.pch"; sourceTree = "<group>"; };
		F0B9840919B04FD400543E63 /* AppDelegate.h */ = {isa = PBXFileReference; lastKnownFileType = sourcecode.c.h; path = AppDelegate.h; sourceTree = "<group>"; };
		F0B9840A19B04FD400543E63 /* AppDelegate.m */ = {isa = PBXFileReference; lastKnownFileType = sourcecode.c.objc; path = AppDelegate.m; sourceTree = "<group>"; };
		F0B9840D19B04FD400543E63 /* Example.xcdatamodel */ = {isa = PBXFileReference; lastKnownFileType = wrapper.xcdatamodel; path = Example.xcdatamodel; sourceTree = "<group>"; };
		F0B9840F19B04FD400543E63 /* Images.xcassets */ = {isa = PBXFileReference; lastKnownFileType = folder.assetcatalog; path = "\U001bImages.xcassets"; sourceTree = "<group>"; };
		F0B9841519B04FD400543E63 /* ExampleTests.xctest */ = {isa = PBXFileReference; explicitFileType = wrapper.cfbundle; includeInIndex = 0; path = ExampleTests.xctest; sourceTree = BUILT_PRODUCTS_DIR; };
		F0B9841619B04FD400543E63 /* XCTest.framework */ = {isa = PBXFileReference; lastKnownFileType = wrapper.framework; name = XCTest.framework; path = Library/Frameworks/XCTest.framework; sourceTree = DEVELOPER_DIR; };
		F0B9841F19B04FD400543E63 /* ExampleTests-Info.plist */ = {isa = PBXFileReference; lastKnownFileType = text.plist.xml; path = "ExampleTests-Info.plist"; sourceTree = "<group>"; };
		F0B9842119B04FD400543E63 /* en */ = {isa = PBXFileReference; lastKnownFileType = text.plist.strings; name = en; path = en.lproj/InfoPlist.strings; sourceTree = "<group>"; };
		F0B9842319B04FD400543E63 /* ExampleTests.m */ = {isa = PBXFileReference; lastKnownFileType = sourcecode.c.objc; path = ExampleTests.m; sourceTree = "<group>"; };
		F0BBBCF619B85A7D007C0CB4 /* SingleViewController.h */ = {isa = PBXFileReference; fileEncoding = 4; lastKnownFileType = sourcecode.c.h; path = SingleViewController.h; sourceTree = "<group>"; };
		F0BBBCF719B85A7D007C0CB4 /* SingleViewController.m */ = {isa = PBXFileReference; fileEncoding = 4; lastKnownFileType = sourcecode.c.objc; path = SingleViewController.m; sourceTree = "<group>"; };
		F0BBBCF919B85A87007C0CB4 /* MultipleViewController.h */ = {isa = PBXFileReference; fileEncoding = 4; lastKnownFileType = sourcecode.c.h; path = MultipleViewController.h; sourceTree = "<group>"; };
		F0BBBCFA19B85A87007C0CB4 /* MultipleViewController.m */ = {isa = PBXFileReference; fileEncoding = 4; lastKnownFileType = sourcecode.c.objc; path = MultipleViewController.m; sourceTree = "<group>"; };
		F0BBBCFF19B86431007C0CB4 /* MultipleSectionViewController.h */ = {isa = PBXFileReference; fileEncoding = 4; lastKnownFileType = sourcecode.c.h; path = MultipleSectionViewController.h; sourceTree = "<group>"; };
		F0BBBD0019B86431007C0CB4 /* MultipleSectionViewController.m */ = {isa = PBXFileReference; fileEncoding = 4; lastKnownFileType = sourcecode.c.objc; path = MultipleSectionViewController.m; sourceTree = "<group>"; };
/* End PBXFileReference section */

/* Begin PBXFrameworksBuildPhase section */
		F0B983F219B04FD400543E63 /* Frameworks */ = {
			isa = PBXFrameworksBuildPhase;
			buildActionMask = 2147483647;
			files = (
				F0B983FB19B04FD400543E63 /* CoreGraphics.framework in Frameworks */,
				F0B983FF19B04FD400543E63 /* CoreData.framework in Frameworks */,
				F0B983FD19B04FD400543E63 /* UIKit.framework in Frameworks */,
				F0B983F919B04FD400543E63 /* Foundation.framework in Frameworks */,
				081504E608A44B18A62A9457 /* libPods.a in Frameworks */,
			);
			runOnlyForDeploymentPostprocessing = 0;
		};
		F0B9841219B04FD400543E63 /* Frameworks */ = {
			isa = PBXFrameworksBuildPhase;
			buildActionMask = 2147483647;
			files = (
				F0B9841719B04FD400543E63 /* XCTest.framework in Frameworks */,
				F0B9841A19B04FD400543E63 /* CoreData.framework in Frameworks */,
				F0B9841919B04FD400543E63 /* UIKit.framework in Frameworks */,
				F0B9841819B04FD400543E63 /* Foundation.framework in Frameworks */,
			);
			runOnlyForDeploymentPostprocessing = 0;
		};
/* End PBXFrameworksBuildPhase section */

/* Begin PBXGroup section */
		F0B983EC19B04FD400543E63 = {
			isa = PBXGroup;
			children = (
				F0B9840019B04FD400543E63 /* Example */,
				F0B9841D19B04FD400543E63 /* ExampleTests */,
				F0B983F719B04FD400543E63 /* Frameworks */,
				F0B983F619B04FD400543E63 /* Products */,
				3480825F871D4D2A8C673D69 /* Pods.xcconfig */,
			);
			sourceTree = "<group>";
		};
		F0B983F619B04FD400543E63 /* Products */ = {
			isa = PBXGroup;
			children = (
				F0B983F519B04FD400543E63 /* Example.app */,
				F0B9841519B04FD400543E63 /* ExampleTests.xctest */,
			);
			name = Products;
			sourceTree = "<group>";
		};
		F0B983F719B04FD400543E63 /* Frameworks */ = {
			isa = PBXGroup;
			children = (
				F0B983F819B04FD400543E63 /* Foundation.framework */,
				F0B983FA19B04FD400543E63 /* CoreGraphics.framework */,
				F0B983FC19B04FD400543E63 /* UIKit.framework */,
				F0B983FE19B04FD400543E63 /* CoreData.framework */,
				F0B9841619B04FD400543E63 /* XCTest.framework */,
				0EE47E37DC5B44ADB29DDA4E /* libPods.a */,
			);
			name = Frameworks;
			sourceTree = "<group>";
		};
		F0B9840019B04FD400543E63 /* Example */ = {
			isa = PBXGroup;
			children = (
				F0B9840919B04FD400543E63 /* AppDelegate.h */,
				F0B9840A19B04FD400543E63 /* AppDelegate.m */,
				F0B9840F19B04FD400543E63 /* Images.xcassets */,
				F0B9840C19B04FD400543E63 /* Example.xcdatamodeld */,
				F0B9840119B04FD400543E63 /* Supporting Files */,
				F00FBFC919B1CF8D0028F08A /* ViewController.h */,
				F00FBFCA19B1CF8D0028F08A /* ViewController.m */,
				F0BBBCF619B85A7D007C0CB4 /* SingleViewController.h */,
				F0BBBCF719B85A7D007C0CB4 /* SingleViewController.m */,
				F0BBBCF919B85A87007C0CB4 /* MultipleViewController.h */,
				F0BBBCFA19B85A87007C0CB4 /* MultipleViewController.m */,
				F0BBBCFF19B86431007C0CB4 /* MultipleSectionViewController.h */,
				F0BBBD0019B86431007C0CB4 /* MultipleSectionViewController.m */,
			);
			path = Example;
			sourceTree = "<group>";
		};
		F0B9840119B04FD400543E63 /* Supporting Files */ = {
			isa = PBXGroup;
			children = (
				F0B9840219B04FD400543E63 /* Example-Info.plist */,
				F0B9840319B04FD400543E63 /* InfoPlist.strings */,
				F0B9840619B04FD400543E63 /* main.m */,
				F0B9840819B04FD400543E63 /* Example-Prefix.pch */,
			);
			name = "Supporting Files";
			sourceTree = "<group>";
		};
		F0B9841D19B04FD400543E63 /* ExampleTests */ = {
			isa = PBXGroup;
			children = (
				F0B9842319B04FD400543E63 /* ExampleTests.m */,
				F0B9841E19B04FD400543E63 /* Supporting Files */,
			);
			path = ExampleTests;
			sourceTree = "<group>";
		};
		F0B9841E19B04FD400543E63 /* Supporting Files */ = {
			isa = PBXGroup;
			children = (
				F0B9841F19B04FD400543E63 /* ExampleTests-Info.plist */,
				F0B9842019B04FD400543E63 /* InfoPlist.strings */,
			);
			name = "Supporting Files";
			sourceTree = "<group>";
		};
/* End PBXGroup section */

/* Begin PBXNativeTarget section */
		F0B983F419B04FD400543E63 /* Example */ = {
			isa = PBXNativeTarget;
			buildConfigurationList = F0B9842719B04FD400543E63 /* Build configuration list for PBXNativeTarget "Example" */;
			buildPhases = (
				D3F739013F044D57ADDAA946 /* Check Pods Manifest.lock */,
				F0B983F119B04FD400543E63 /* Sources */,
				F0B983F219B04FD400543E63 /* Frameworks */,
				F0B983F319B04FD400543E63 /* Resources */,
				190A0000DAF24D4FBA9668FD /* Copy Pods Resources */,
			);
			buildRules = (
			);
			dependencies = (
			);
			name = Example;
			productName = Example;
			productReference = F0B983F519B04FD400543E63 /* Example.app */;
			productType = "com.apple.product-type.application";
		};
		F0B9841419B04FD400543E63 /* ExampleTests */ = {
			isa = PBXNativeTarget;
			buildConfigurationList = F0B9842A19B04FD400543E63 /* Build configuration list for PBXNativeTarget "ExampleTests" */;
			buildPhases = (
				F0B9841119B04FD400543E63 /* Sources */,
				F0B9841219B04FD400543E63 /* Frameworks */,
				F0B9841319B04FD400543E63 /* Resources */,
			);
			buildRules = (
			);
			dependencies = (
				F0B9841C19B04FD400543E63 /* PBXTargetDependency */,
			);
			name = ExampleTests;
			productName = ExampleTests;
			productReference = F0B9841519B04FD400543E63 /* ExampleTests.xctest */;
			productType = "com.apple.product-type.bundle.unit-test";
		};
/* End PBXNativeTarget section */

/* Begin PBXProject section */
		F0B983ED19B04FD400543E63 /* Project object */ = {
			isa = PBXProject;
			attributes = {
				LastUpgradeCheck = 0510;
				ORGANIZATIONNAME = "Michael Vu";
				TargetAttributes = {
					F0B9841419B04FD400543E63 = {
						TestTargetID = F0B983F419B04FD400543E63;
					};
				};
			};
			buildConfigurationList = F0B983F019B04FD400543E63 /* Build configuration list for PBXProject "Example" */;
			compatibilityVersion = "Xcode 3.2";
			developmentRegion = English;
			hasScannedForEncodings = 0;
			knownRegions = (
				en,
			);
			mainGroup = F0B983EC19B04FD400543E63;
			productRefGroup = F0B983F619B04FD400543E63 /* Products */;
			projectDirPath = "";
			projectRoot = "";
			targets = (
				F0B983F419B04FD400543E63 /* Example */,
				F0B9841419B04FD400543E63 /* ExampleTests */,
			);
		};
/* End PBXProject section */

/* Begin PBXResourcesBuildPhase section */
		F0B983F319B04FD400543E63 /* Resources */ = {
			isa = PBXResourcesBuildPhase;
			buildActionMask = 2147483647;
			files = (
				F0B9840519B04FD400543E63 /* InfoPlist.strings in Resources */,
				F0B9841019B04FD400543E63 /* Images.xcassets in Resources */,
			);
			runOnlyForDeploymentPostprocessing = 0;
		};
		F0B9841319B04FD400543E63 /* Resources */ = {
			isa = PBXResourcesBuildPhase;
			buildActionMask = 2147483647;
			files = (
				F0B9842219B04FD400543E63 /* InfoPlist.strings in Resources */,
			);
			runOnlyForDeploymentPostprocessing = 0;
		};
/* End PBXResourcesBuildPhase section */

/* Begin PBXShellScriptBuildPhase section */
		190A0000DAF24D4FBA9668FD /* Copy Pods Resources */ = {
			isa = PBXShellScriptBuildPhase;
			buildActionMask = 2147483647;
			files = (
			);
			inputPaths = (
			);
			name = "Copy Pods Resources";
			outputPaths = (
			);
			runOnlyForDeploymentPostprocessing = 0;
			shellPath = /bin/sh;
			shellScript = "\"${SRCROOT}/Pods/Pods-resources.sh\"\n";
			showEnvVarsInLog = 0;
		};
		D3F739013F044D57ADDAA946 /* Check Pods Manifest.lock */ = {
			isa = PBXShellScriptBuildPhase;
			buildActionMask = 2147483647;
			files = (
			);
			inputPaths = (
			);
			name = "Check Pods Manifest.lock";
			outputPaths = (
			);
			runOnlyForDeploymentPostprocessing = 0;
			shellPath = /bin/sh;
			shellScript = "diff \"${PODS_ROOT}/../Podfile.lock\" \"${PODS_ROOT}/Manifest.lock\" > /dev/null\nif [[ $? != 0 ]] ; then\n    cat << EOM\nerror: The sandbox is not in sync with the Podfile.lock. Run 'pod install' or update your CocoaPods installation.\nEOM\n    exit 1\nfi\n";
			showEnvVarsInLog = 0;
		};
/* End PBXShellScriptBuildPhase section */

/* Begin PBXSourcesBuildPhase section */
		F0B983F119B04FD400543E63 /* Sources */ = {
			isa = PBXSourcesBuildPhase;
			buildActionMask = 2147483647;
			files = (
				F0B9840B19B04FD400543E63 /* AppDelegate.m in Sources */,
				F0B9840E19B04FD400543E63 /* Example.xcdatamodeld in Sources */,
				F0BBBCFB19B85A87007C0CB4 /* MultipleViewController.m in Sources */,
				F0BBBD0119B86431007C0CB4 /* MultipleSectionViewController.m in Sources */,
				F0BBBCF819B85A7D007C0CB4 /* SingleViewController.m in Sources */,
				F00FBFCB19B1CF8D0028F08A /* ViewController.m in Sources */,
				F0B9840719B04FD400543E63 /* main.m in Sources */,
			);
			runOnlyForDeploymentPostprocessing = 0;
		};
		F0B9841119B04FD400543E63 /* Sources */ = {
			isa = PBXSourcesBuildPhase;
			buildActionMask = 2147483647;
			files = (
				F0B9842419B04FD400543E63 /* ExampleTests.m in Sources */,
			);
			runOnlyForDeploymentPostprocessing = 0;
		};
/* End PBXSourcesBuildPhase section */

/* Begin PBXTargetDependency section */
		F0B9841C19B04FD400543E63 /* PBXTargetDependency */ = {
			isa = PBXTargetDependency;
			target = F0B983F419B04FD400543E63 /* Example */;
			targetProxy = F0B9841B19B04FD400543E63 /* PBXContainerItemProxy */;
		};
/* End PBXTargetDependency section */

/* Begin PBXVariantGroup section */
		F0B9840319B04FD400543E63 /* InfoPlist.strings */ = {
			isa = PBXVariantGroup;
			children = (
				F0B9840419B04FD400543E63 /* en */,
			);
			name = InfoPlist.strings;
			sourceTree = "<group>";
		};
		F0B9842019B04FD400543E63 /* InfoPlist.strings */ = {
			isa = PBXVariantGroup;
			children = (
				F0B9842119B04FD400543E63 /* en */,
			);
			name = InfoPlist.strings;
			sourceTree = "<group>";
		};
/* End PBXVariantGroup section */

/* Begin XCBuildConfiguration section */
		F0B9842519B04FD400543E63 /* Debug */ = {
			isa = XCBuildConfiguration;
			buildSettings = {
				ALWAYS_SEARCH_USER_PATHS = NO;
				CLANG_CXX_LANGUAGE_STANDARD = "gnu++0x";
				CLANG_CXX_LIBRARY = "libc++";
				CLANG_ENABLE_MODULES = YES;
				CLANG_ENABLE_OBJC_ARC = YES;
				CLANG_WARN_BOOL_CONVERSION = YES;
				CLANG_WARN_CONSTANT_CONVERSION = YES;
				CLANG_WARN_DIRECT_OBJC_ISA_USAGE = YES_ERROR;
				CLANG_WARN_EMPTY_BODY = YES;
				CLANG_WARN_ENUM_CONVERSION = YES;
				CLANG_WARN_INT_CONVERSION = YES;
				CLANG_WARN_OBJC_ROOT_CLASS = YES_ERROR;
				CLANG_WARN__DUPLICATE_METHOD_MATCH = YES;
				"CODE_SIGN_IDENTITY[sdk=iphoneos*]" = "iPhone Developer";
				COPY_PHASE_STRIP = NO;
				GCC_C_LANGUAGE_STANDARD = gnu99;
				GCC_DYNAMIC_NO_PIC = NO;
				GCC_OPTIMIZATION_LEVEL = 0;
				GCC_PREPROCESSOR_DEFINITIONS = (
					"DEBUG=1",
					"$(inherited)",
				);
				GCC_SYMBOLS_PRIVATE_EXTERN = NO;
				GCC_WARN_64_TO_32_BIT_CONVERSION = YES;
				GCC_WARN_ABOUT_RETURN_TYPE = YES_ERROR;
				GCC_WARN_UNDECLARED_SELECTOR = YES;
				GCC_WARN_UNINITIALIZED_AUTOS = YES_AGGRESSIVE;
				GCC_WARN_UNUSED_FUNCTION = YES;
				GCC_WARN_UNUSED_VARIABLE = YES;
				IPHONEOS_DEPLOYMENT_TARGET = 7.1;
				ONLY_ACTIVE_ARCH = YES;
				SDKROOT = iphoneos;
			};
			name = Debug;
		};
		F0B9842619B04FD400543E63 /* Release */ = {
			isa = XCBuildConfiguration;
			buildSettings = {
				ALWAYS_SEARCH_USER_PATHS = NO;
				CLANG_CXX_LANGUAGE_STANDARD = "gnu++0x";
				CLANG_CXX_LIBRARY = "libc++";
				CLANG_ENABLE_MODULES = YES;
				CLANG_ENABLE_OBJC_ARC = YES;
				CLANG_WARN_BOOL_CONVERSION = YES;
				CLANG_WARN_CONSTANT_CONVERSION = YES;
				CLANG_WARN_DIRECT_OBJC_ISA_USAGE = YES_ERROR;
				CLANG_WARN_EMPTY_BODY = YES;
				CLANG_WARN_ENUM_CONVERSION = YES;
				CLANG_WARN_INT_CONVERSION = YES;
				CLANG_WARN_OBJC_ROOT_CLASS = YES_ERROR;
				CLANG_WARN__DUPLICATE_METHOD_MATCH = YES;
				"CODE_SIGN_IDENTITY[sdk=iphoneos*]" = "iPhone Developer";
				COPY_PHASE_STRIP = YES;
				ENABLE_NS_ASSERTIONS = NO;
				GCC_C_LANGUAGE_STANDARD = gnu99;
				GCC_WARN_64_TO_32_BIT_CONVERSION = YES;
				GCC_WARN_ABOUT_RETURN_TYPE = YES_ERROR;
				GCC_WARN_UNDECLARED_SELECTOR = YES;
				GCC_WARN_UNINITIALIZED_AUTOS = YES_AGGRESSIVE;
				GCC_WARN_UNUSED_FUNCTION = YES;
				GCC_WARN_UNUSED_VARIABLE = YES;
				IPHONEOS_DEPLOYMENT_TARGET = 7.1;
				SDKROOT = iphoneos;
				VALIDATE_PRODUCT = YES;
			};
			name = Release;
		};
		F0B9842819B04FD400543E63 /* Debug */ = {
			isa = XCBuildConfiguration;
			baseConfigurationReference = 3480825F871D4D2A8C673D69 /* Pods.xcconfig */;
			buildSettings = {
				ASSETCATALOG_COMPILER_APPICON_NAME = AppIcon;
				ASSETCATALOG_COMPILER_LAUNCHIMAGE_NAME = LaunchImage;
				GCC_PRECOMPILE_PREFIX_HEADER = YES;
				GCC_PREFIX_HEADER = "Example/Example-Prefix.pch";
				INFOPLIST_FILE = "Example/Example-Info.plist";
				IPHONEOS_DEPLOYMENT_TARGET = 7.0;
				PRODUCT_NAME = "$(TARGET_NAME)";
				WRAPPER_EXTENSION = app;
			};
			name = Debug;
		};
		F0B9842919B04FD400543E63 /* Release */ = {
			isa = XCBuildConfiguration;
			baseConfigurationReference = 3480825F871D4D2A8C673D69 /* Pods.xcconfig */;
			buildSettings = {
				ASSETCATALOG_COMPILER_APPICON_NAME = AppIcon;
				ASSETCATALOG_COMPILER_LAUNCHIMAGE_NAME = LaunchImage;
				GCC_PRECOMPILE_PREFIX_HEADER = YES;
				GCC_PREFIX_HEADER = "Example/Example-Prefix.pch";
				INFOPLIST_FILE = "Example/Example-Info.plist";
				IPHONEOS_DEPLOYMENT_TARGET = 7.0;
				PRODUCT_NAME = "$(TARGET_NAME)";
				WRAPPER_EXTENSION = app;
			};
			name = Release;
		};
		F0B9842B19B04FD400543E63 /* Debug */ = {
			isa = XCBuildConfiguration;
			buildSettings = {
				BUNDLE_LOADER = "$(BUILT_PRODUCTS_DIR)/Example.app/Example";
				FRAMEWORK_SEARCH_PATHS = (
					"$(SDKROOT)/Developer/Library/Frameworks",
					"$(inherited)",
					"$(DEVELOPER_FRAMEWORKS_DIR)",
				);
				GCC_PRECOMPILE_PREFIX_HEADER = YES;
				GCC_PREFIX_HEADER = "Example/Example-Prefix.pch";
				GCC_PREPROCESSOR_DEFINITIONS = (
					"DEBUG=1",
					"$(inherited)",
				);
				INFOPLIST_FILE = "ExampleTests/ExampleTests-Info.plist";
				PRODUCT_NAME = "$(TARGET_NAME)";
				TEST_HOST = "$(BUNDLE_LOADER)";
				WRAPPER_EXTENSION = xctest;
			};
			name = Debug;
		};
		F0B9842C19B04FD400543E63 /* Release */ = {
			isa = XCBuildConfiguration;
			buildSettings = {
				BUNDLE_LOADER = "$(BUILT_PRODUCTS_DIR)/Example.app/Example";
				FRAMEWORK_SEARCH_PATHS = (
					"$(SDKROOT)/Developer/Library/Frameworks",
					"$(inherited)",
					"$(DEVELOPER_FRAMEWORKS_DIR)",
				);
				GCC_PRECOMPILE_PREFIX_HEADER = YES;
				GCC_PREFIX_HEADER = "Example/Example-Prefix.pch";
				INFOPLIST_FILE = "ExampleTests/ExampleTests-Info.plist";
				PRODUCT_NAME = "$(TARGET_NAME)";
				TEST_HOST = "$(BUNDLE_LOADER)";
				WRAPPER_EXTENSION = xctest;
			};
			name = Release;
		};
/* End XCBuildConfiguration section */

/* Begin XCConfigurationList section */
		F0B983F019B04FD400543E63 /* Build configuration list for PBXProject "Example" */ = {
			isa = XCConfigurationList;
			buildConfigurations = (
				F0B9842519B04FD400543E63 /* Debug */,
				F0B9842619B04FD400543E63 /* Release */,
			);
			defaultConfigurationIsVisible = 0;
			defaultConfigurationName = Release;
		};
		F0B9842719B04FD400543E63 /* Build configuration list for PBXNativeTarget "Example" */ = {
			isa = XCConfigurationList;
			buildConfigurations = (
				F0B9842819B04FD400543E63 /* Debug */,
				F0B9842919B04FD400543E63 /* Release */,
			);
			defaultConfigurationIsVisible = 0;
			defaultConfigurationName = Release;
		};
		F0B9842A19B04FD400543E63 /* Build configuration list for PBXNativeTarget "ExampleTests" */ = {
			isa = XCConfigurationList;
			buildConfigurations = (
				F0B9842B19B04FD400543E63 /* Debug */,
				F0B9842C19B04FD400543E63 /* Release */,
			);
			defaultConfigurationIsVisible = 0;
			defaultConfigurationName = Release;
		};
/* End XCConfigurationList section */

/* Begin XCVersionGroup section */
		F0B9840C19B04FD400543E63 /* Example.xcdatamodeld */ = {
			isa = XCVersionGroup;
			children = (
				F0B9840D19B04FD400543E63 /* Example.xcdatamodel */,
			);
			currentVersion = F0B9840D19B04FD400543E63 /* Example.xcdatamodel */;
			path = Example.xcdatamodeld;
			sourceTree = "<group>";
			versionGroupType = wrapper.xcdatamodel;
		};
/* End XCVersionGroup section */
	};
	rootObject = F0B983ED19B04FD400543E63 /* Project object */;
}
